// !$*UTF8*$!
{
	archiveVersion = 1;
	classes = {
	};
	objectVersion = 56;
	objects = {

/* Begin PBXBuildFile section */
		2FFB64282AC6D255007F2F80 /* UserListApp.swift in Sources */ = {isa = PBXBuildFile; fileRef = 2FFB64272AC6D255007F2F80 /* UserListApp.swift */; };
		2FFB642A2AC6D255007F2F80 /* ContentView.swift in Sources */ = {isa = PBXBuildFile; fileRef = 2FFB64292AC6D255007F2F80 /* ContentView.swift */; };
		2FFB642C2AC6D256007F2F80 /* Assets.xcassets in Resources */ = {isa = PBXBuildFile; fileRef = 2FFB642B2AC6D256007F2F80 /* Assets.xcassets */; };
		2FFB642F2AC6D256007F2F80 /* Preview Assets.xcassets in Resources */ = {isa = PBXBuildFile; fileRef = 2FFB642E2AC6D256007F2F80 /* Preview Assets.xcassets */; };
		2FFB64392AC6D256007F2F80 /* UserListTests.swift in Sources */ = {isa = PBXBuildFile; fileRef = 2FFB64382AC6D256007F2F80 /* UserListTests.swift */; };
		2FFB64432AC6D256007F2F80 /* UserListUITests.swift in Sources */ = {isa = PBXBuildFile; fileRef = 2FFB64422AC6D256007F2F80 /* UserListUITests.swift */; };
		2FFB64452AC6D256007F2F80 /* UserListUITestsLaunchTests.swift in Sources */ = {isa = PBXBuildFile; fileRef = 2FFB64442AC6D256007F2F80 /* UserListUITestsLaunchTests.swift */; };
/* End PBXBuildFile section */

/* Begin PBXContainerItemProxy section */
		2FFB64352AC6D256007F2F80 /* PBXContainerItemProxy */ = {
			isa = PBXContainerItemProxy;
			containerPortal = 2FFB641C2AC6D255007F2F80 /* Project object */;
			proxyType = 1;
			remoteGlobalIDString = 2FFB64232AC6D255007F2F80;
			remoteInfo = UserList;
		};
		2FFB643F2AC6D256007F2F80 /* PBXContainerItemProxy */ = {
			isa = PBXContainerItemProxy;
			containerPortal = 2FFB641C2AC6D255007F2F80 /* Project object */;
			proxyType = 1;
			remoteGlobalIDString = 2FFB64232AC6D255007F2F80;
			remoteInfo = UserList;
		};
/* End PBXContainerItemProxy section */

/* Begin PBXFileReference section */
		2FFB64242AC6D255007F2F80 /* UserList.app */ = {isa = PBXFileReference; explicitFileType = wrapper.application; includeInIndex = 0; path = UserList.app; sourceTree = BUILT_PRODUCTS_DIR; };
		2FFB64272AC6D255007F2F80 /* UserListApp.swift */ = {isa = PBXFileReference; lastKnownFileType = sourcecode.swift; path = UserListApp.swift; sourceTree = "<group>"; };
		2FFB64292AC6D255007F2F80 /* ContentView.swift */ = {isa = PBXFileReference; lastKnownFileType = sourcecode.swift; path = ContentView.swift; sourceTree = "<group>"; };
		2FFB642B2AC6D256007F2F80 /* Assets.xcassets */ = {isa = PBXFileReference; lastKnownFileType = folder.assetcatalog; path = Assets.xcassets; sourceTree = "<group>"; };
		2FFB642E2AC6D256007F2F80 /* Preview Assets.xcassets */ = {isa = PBXFileReference; lastKnownFileType = folder.assetcatalog; path = "Preview Assets.xcassets"; sourceTree = "<group>"; };
		2FFB64342AC6D256007F2F80 /* UserListTests.xctest */ = {isa = PBXFileReference; explicitFileType = wrapper.cfbundle; includeInIndex = 0; path = UserListTests.xctest; sourceTree = BUILT_PRODUCTS_DIR; };
		2FFB64382AC6D256007F2F80 /* UserListTests.swift */ = {isa = PBXFileReference; lastKnownFileType = sourcecode.swift; path = UserListTests.swift; sourceTree = "<group>"; };
		2FFB643E2AC6D256007F2F80 /* UserListUITests.xctest */ = {isa = PBXFileReference; explicitFileType = wrapper.cfbundle; includeInIndex = 0; path = UserListUITests.xctest; sourceTree = BUILT_PRODUCTS_DIR; };
		2FFB64422AC6D256007F2F80 /* UserListUITests.swift */ = {isa = PBXFileReference; lastKnownFileType = sourcecode.swift; path = UserListUITests.swift; sourceTree = "<group>"; };
		2FFB64442AC6D256007F2F80 /* UserListUITestsLaunchTests.swift */ = {isa = PBXFileReference; lastKnownFileType = sourcecode.swift; path = UserListUITestsLaunchTests.swift; sourceTree = "<group>"; };
/* End PBXFileReference section */

/* Begin PBXFrameworksBuildPhase section */
		2FFB64212AC6D255007F2F80 /* Frameworks */ = {
			isa = PBXFrameworksBuildPhase;
			buildActionMask = 2147483647;
			files = (
			);
			runOnlyForDeploymentPostprocessing = 0;
		};
		2FFB64312AC6D256007F2F80 /* Frameworks */ = {
			isa = PBXFrameworksBuildPhase;
			buildActionMask = 2147483647;
			files = (
			);
			runOnlyForDeploymentPostprocessing = 0;
		};
		2FFB643B2AC6D256007F2F80 /* Frameworks */ = {
			isa = PBXFrameworksBuildPhase;
			buildActionMask = 2147483647;
			files = (
			);
			runOnlyForDeploymentPostprocessing = 0;
		};
/* End PBXFrameworksBuildPhase section */

/* Begin PBXGroup section */
		2FFB641B2AC6D255007F2F80 = {
			isa = PBXGroup;
			children = (
				2FFB64262AC6D255007F2F80 /* UserList */,
				2FFB64372AC6D256007F2F80 /* UserListTests */,
				2FFB64412AC6D256007F2F80 /* UserListUITests */,
				2FFB64252AC6D255007F2F80 /* Products */,
			);
			sourceTree = "<group>";
		};
		2FFB64252AC6D255007F2F80 /* Products */ = {
			isa = PBXGroup;
			children = (
				2FFB64242AC6D255007F2F80 /* UserList.app */,
				2FFB64342AC6D256007F2F80 /* UserListTests.xctest */,
				2FFB643E2AC6D256007F2F80 /* UserListUITests.xctest */,
			);
			name = Products;
			sourceTree = "<group>";
		};
		2FFB64262AC6D255007F2F80 /* UserList */ = {
			isa = PBXGroup;
			children = (
				2FFB64272AC6D255007F2F80 /* UserListApp.swift */,
				2FFB64292AC6D255007F2F80 /* ContentView.swift */,
				2FFB642B2AC6D256007F2F80 /* Assets.xcassets */,
				2FFB642D2AC6D256007F2F80 /* Preview Content */,
			);
			path = UserList;
			sourceTree = "<group>";
		};
		2FFB642D2AC6D256007F2F80 /* Preview Content */ = {
			isa = PBXGroup;
			children = (
				2FFB642E2AC6D256007F2F80 /* Preview Assets.xcassets */,
			);
			path = "Preview Content";
			sourceTree = "<group>";
		};
		2FFB64372AC6D256007F2F80 /* UserListTests */ = {
			isa = PBXGroup;
			children = (
				2FFB64382AC6D256007F2F80 /* UserListTests.swift */,
			);
			path = UserListTests;
			sourceTree = "<group>";
		};
		2FFB64412AC6D256007F2F80 /* UserListUITests */ = {
			isa = PBXGroup;
			children = (
				2FFB64422AC6D256007F2F80 /* UserListUITests.swift */,
				2FFB64442AC6D256007F2F80 /* UserListUITestsLaunchTests.swift */,
			);
			path = UserListUITests;
			sourceTree = "<group>";
		};
/* End PBXGroup section */

/* Begin PBXNativeTarget section */
		2FFB64232AC6D255007F2F80 /* UserList */ = {
			isa = PBXNativeTarget;
			buildConfigurationList = 2FFB64482AC6D256007F2F80 /* Build configuration list for PBXNativeTarget "UserList" */;
			buildPhases = (
				2FFB64202AC6D255007F2F80 /* Sources */,
				2FFB64212AC6D255007F2F80 /* Frameworks */,
				2FFB64222AC6D255007F2F80 /* Resources */,
			);
			buildRules = (
			);
			dependencies = (
			);
			name = UserList;
			productName = UserList;
			productReference = 2FFB64242AC6D255007F2F80 /* UserList.app */;
			productType = "com.apple.product-type.application";
		};
		2FFB64332AC6D256007F2F80 /* UserListTests */ = {
			isa = PBXNativeTarget;
			buildConfigurationList = 2FFB644B2AC6D256007F2F80 /* Build configuration list for PBXNativeTarget "UserListTests" */;
			buildPhases = (
				2FFB64302AC6D256007F2F80 /* Sources */,
				2FFB64312AC6D256007F2F80 /* Frameworks */,
				2FFB64322AC6D256007F2F80 /* Resources */,
			);
			buildRules = (
			);
			dependencies = (
				2FFB64362AC6D256007F2F80 /* PBXTargetDependency */,
			);
			name = UserListTests;
			productName = UserListTests;
			productReference = 2FFB64342AC6D256007F2F80 /* UserListTests.xctest */;
			productType = "com.apple.product-type.bundle.unit-test";
		};
		2FFB643D2AC6D256007F2F80 /* UserListUITests */ = {
			isa = PBXNativeTarget;
			buildConfigurationList = 2FFB644E2AC6D256007F2F80 /* Build configuration list for PBXNativeTarget "UserListUITests" */;
			buildPhases = (
				2FFB643A2AC6D256007F2F80 /* Sources */,
				2FFB643B2AC6D256007F2F80 /* Frameworks */,
				2FFB643C2AC6D256007F2F80 /* Resources */,
			);
			buildRules = (
			);
			dependencies = (
				2FFB64402AC6D256007F2F80 /* PBXTargetDependency */,
			);
			name = UserListUITests;
			productName = UserListUITests;
			productReference = 2FFB643E2AC6D256007F2F80 /* UserListUITests.xctest */;
			productType = "com.apple.product-type.bundle.ui-testing";
		};
/* End PBXNativeTarget section */

/* Begin PBXProject section */
		2FFB641C2AC6D255007F2F80 /* Project object */ = {
			isa = PBXProject;
			attributes = {
				BuildIndependentTargetsInParallel = 1;
				LastSwiftUpdateCheck = 1420;
				LastUpgradeCheck = 1420;
				TargetAttributes = {
					2FFB64232AC6D255007F2F80 = {
						CreatedOnToolsVersion = 14.2;
					};
					2FFB64332AC6D256007F2F80 = {
						CreatedOnToolsVersion = 14.2;
						TestTargetID = 2FFB64232AC6D255007F2F80;
					};
					2FFB643D2AC6D256007F2F80 = {
						CreatedOnToolsVersion = 14.2;
						TestTargetID = 2FFB64232AC6D255007F2F80;
					};
				};
			};
			buildConfigurationList = 2FFB641F2AC6D255007F2F80 /* Build configuration list for PBXProject "UserList" */;
			compatibilityVersion = "Xcode 14.0";
			developmentRegion = en;
			hasScannedForEncodings = 0;
			knownRegions = (
				en,
				Base,
			);
			mainGroup = 2FFB641B2AC6D255007F2F80;
			productRefGroup = 2FFB64252AC6D255007F2F80 /* Products */;
			projectDirPath = "";
			projectRoot = "";
			targets = (
				2FFB64232AC6D255007F2F80 /* UserList */,
				2FFB64332AC6D256007F2F80 /* UserListTests */,
				2FFB643D2AC6D256007F2F80 /* UserListUITests */,
			);
		};
/* End PBXProject section */

/* Begin PBXResourcesBuildPhase section */
		2FFB64222AC6D255007F2F80 /* Resources */ = {
			isa = PBXResourcesBuildPhase;
			buildActionMask = 2147483647;
			files = (
				2FFB642F2AC6D256007F2F80 /* Preview Assets.xcassets in Resources */,
				2FFB642C2AC6D256007F2F80 /* Assets.xcassets in Resources */,
			);
			runOnlyForDeploymentPostprocessing = 0;
		};
		2FFB64322AC6D256007F2F80 /* Resources */ = {
			isa = PBXResourcesBuildPhase;
			buildActionMask = 2147483647;
			files = (
			);
			runOnlyForDeploymentPostprocessing = 0;
		};
		2FFB643C2AC6D256007F2F80 /* Resources */ = {
			isa = PBXResourcesBuildPhase;
			buildActionMask = 2147483647;
			files = (
			);
			runOnlyForDeploymentPostprocessing = 0;
		};
/* End PBXResourcesBuildPhase section */

/* Begin PBXSourcesBuildPhase section */
		2FFB64202AC6D255007F2F80 /* Sources */ = {
			isa = PBXSourcesBuildPhase;
			buildActionMask = 2147483647;
			files = (
				2FFB642A2AC6D255007F2F80 /* ContentView.swift in Sources */,
				2FFB64282AC6D255007F2F80 /* UserListApp.swift in Sources */,
			);
			runOnlyForDeploymentPostprocessing = 0;
		};
		2FFB64302AC6D256007F2F80 /* Sources */ = {
			isa = PBXSourcesBuildPhase;
			buildActionMask = 2147483647;
			files = (
				2FFB64392AC6D256007F2F80 /* UserListTests.swift in Sources */,
			);
			runOnlyForDeploymentPostprocessing = 0;
		};
		2FFB643A2AC6D256007F2F80 /* Sources */ = {
			isa = PBXSourcesBuildPhase;
			buildActionMask = 2147483647;
			files = (
				2FFB64452AC6D256007F2F80 /* UserListUITestsLaunchTests.swift in Sources */,
				2FFB64432AC6D256007F2F80 /* UserListUITests.swift in Sources */,
			);
			runOnlyForDeploymentPostprocessing = 0;
		};
/* End PBXSourcesBuildPhase section */

/* Begin PBXTargetDependency section */
		2FFB64362AC6D256007F2F80 /* PBXTargetDependency */ = {
			isa = PBXTargetDependency;
			target = 2FFB64232AC6D255007F2F80 /* UserList */;
			targetProxy = 2FFB64352AC6D256007F2F80 /* PBXContainerItemProxy */;
		};
		2FFB64402AC6D256007F2F80 /* PBXTargetDependency */ = {
			isa = PBXTargetDependency;
			target = 2FFB64232AC6D255007F2F80 /* UserList */;
			targetProxy = 2FFB643F2AC6D256007F2F80 /* PBXContainerItemProxy */;
		};
/* End PBXTargetDependency section */

/* Begin XCBuildConfiguration section */
		2FFB64462AC6D256007F2F80 /* Debug */ = {
			isa = XCBuildConfiguration;
			buildSettings = {
				ALWAYS_SEARCH_USER_PATHS = NO;
				CLANG_ANALYZER_NONNULL = YES;
				CLANG_ANALYZER_NUMBER_OBJECT_CONVERSION = YES_AGGRESSIVE;
				CLANG_CXX_LANGUAGE_STANDARD = "gnu++20";
				CLANG_ENABLE_MODULES = YES;
				CLANG_ENABLE_OBJC_ARC = YES;
				CLANG_ENABLE_OBJC_WEAK = YES;
				CLANG_WARN_BLOCK_CAPTURE_AUTORELEASING = YES;
				CLANG_WARN_BOOL_CONVERSION = YES;
				CLANG_WARN_COMMA = YES;
				CLANG_WARN_CONSTANT_CONVERSION = YES;
				CLANG_WARN_DEPRECATED_OBJC_IMPLEMENTATIONS = YES;
				CLANG_WARN_DIRECT_OBJC_ISA_USAGE = YES_ERROR;
				CLANG_WARN_DOCUMENTATION_COMMENTS = YES;
				CLANG_WARN_EMPTY_BODY = YES;
				CLANG_WARN_ENUM_CONVERSION = YES;
				CLANG_WARN_INFINITE_RECURSION = YES;
				CLANG_WARN_INT_CONVERSION = YES;
				CLANG_WARN_NON_LITERAL_NULL_CONVERSION = YES;
				CLANG_WARN_OBJC_IMPLICIT_RETAIN_SELF = YES;
				CLANG_WARN_OBJC_LITERAL_CONVERSION = YES;
				CLANG_WARN_OBJC_ROOT_CLASS = YES_ERROR;
				CLANG_WARN_QUOTED_INCLUDE_IN_FRAMEWORK_HEADER = YES;
				CLANG_WARN_RANGE_LOOP_ANALYSIS = YES;
				CLANG_WARN_STRICT_PROTOTYPES = YES;
				CLANG_WARN_SUSPICIOUS_MOVE = YES;
				CLANG_WARN_UNGUARDED_AVAILABILITY = YES_AGGRESSIVE;
				CLANG_WARN_UNREACHABLE_CODE = YES;
				CLANG_WARN__DUPLICATE_METHOD_MATCH = YES;
				COPY_PHASE_STRIP = NO;
				DEBUG_INFORMATION_FORMAT = dwarf;
				ENABLE_STRICT_OBJC_MSGSEND = YES;
				ENABLE_TESTABILITY = YES;
				GCC_C_LANGUAGE_STANDARD = gnu11;
				GCC_DYNAMIC_NO_PIC = NO;
				GCC_NO_COMMON_BLOCKS = YES;
				GCC_OPTIMIZATION_LEVEL = 0;
				GCC_PREPROCESSOR_DEFINITIONS = (
					"DEBUG=1",
					"$(inherited)",
				);
				GCC_WARN_64_TO_32_BIT_CONVERSION = YES;
				GCC_WARN_ABOUT_RETURN_TYPE = YES_ERROR;
				GCC_WARN_UNDECLARED_SELECTOR = YES;
				GCC_WARN_UNINITIALIZED_AUTOS = YES_AGGRESSIVE;
				GCC_WARN_UNUSED_FUNCTION = YES;
				GCC_WARN_UNUSED_VARIABLE = YES;
				IPHONEOS_DEPLOYMENT_TARGET = 16.2;
				MTL_ENABLE_DEBUG_INFO = INCLUDE_SOURCE;
				MTL_FAST_MATH = YES;
				ONLY_ACTIVE_ARCH = YES;
				SDKROOT = iphoneos;
				SWIFT_ACTIVE_COMPILATION_CONDITIONS = DEBUG;
				SWIFT_OPTIMIZATION_LEVEL = "-Onone";
			};
			name = Debug;
		};
		2FFB64472AC6D256007F2F80 /* Release */ = {
			isa = XCBuildConfiguration;
			buildSettings = {
				ALWAYS_SEARCH_USER_PATHS = NO;
				CLANG_ANALYZER_NONNULL = YES;
				CLANG_ANALYZER_NUMBER_OBJECT_CONVERSION = YES_AGGRESSIVE;
				CLANG_CXX_LANGUAGE_STANDARD = "gnu++20";
				CLANG_ENABLE_MODULES = YES;
				CLANG_ENABLE_OBJC_ARC = YES;
				CLANG_ENABLE_OBJC_WEAK = YES;
				CLANG_WARN_BLOCK_CAPTURE_AUTORELEASING = YES;
				CLANG_WARN_BOOL_CONVERSION = YES;
				CLANG_WARN_COMMA = YES;
				CLANG_WARN_CONSTANT_CONVERSION = YES;
				CLANG_WARN_DEPRECATED_OBJC_IMPLEMENTATIONS = YES;
				CLANG_WARN_DIRECT_OBJC_ISA_USAGE = YES_ERROR;
				CLANG_WARN_DOCUMENTATION_COMMENTS = YES;
				CLANG_WARN_EMPTY_BODY = YES;
				CLANG_WARN_ENUM_CONVERSION = YES;
				CLANG_WARN_INFINITE_RECURSION = YES;
				CLANG_WARN_INT_CONVERSION = YES;
				CLANG_WARN_NON_LITERAL_NULL_CONVERSION = YES;
				CLANG_WARN_OBJC_IMPLICIT_RETAIN_SELF = YES;
				CLANG_WARN_OBJC_LITERAL_CONVERSION = YES;
				CLANG_WARN_OBJC_ROOT_CLASS = YES_ERROR;
				CLANG_WARN_QUOTED_INCLUDE_IN_FRAMEWORK_HEADER = YES;
				CLANG_WARN_RANGE_LOOP_ANALYSIS = YES;
				CLANG_WARN_STRICT_PROTOTYPES = YES;
				CLANG_WARN_SUSPICIOUS_MOVE = YES;
				CLANG_WARN_UNGUARDED_AVAILABILITY = YES_AGGRESSIVE;
				CLANG_WARN_UNREACHABLE_CODE = YES;
				CLANG_WARN__DUPLICATE_METHOD_MATCH = YES;
				COPY_PHASE_STRIP = NO;
				DEBUG_INFORMATION_FORMAT = "dwarf-with-dsym";
				ENABLE_NS_ASSERTIONS = NO;
				ENABLE_STRICT_OBJC_MSGSEND = YES;
				GCC_C_LANGUAGE_STANDARD = gnu11;
				GCC_NO_COMMON_BLOCKS = YES;
				GCC_WARN_64_TO_32_BIT_CONVERSION = YES;
				GCC_WARN_ABOUT_RETURN_TYPE = YES_ERROR;
				GCC_WARN_UNDECLARED_SELECTOR = YES;
				GCC_WARN_UNINITIALIZED_AUTOS = YES_AGGRESSIVE;
				GCC_WARN_UNUSED_FUNCTION = YES;
				GCC_WARN_UNUSED_VARIABLE = YES;
				IPHONEOS_DEPLOYMENT_TARGET = 16.2;
				MTL_ENABLE_DEBUG_INFO = NO;
				MTL_FAST_MATH = YES;
				SDKROOT = iphoneos;
				SWIFT_COMPILATION_MODE = wholemodule;
				SWIFT_OPTIMIZATION_LEVEL = "-O";
				VALIDATE_PRODUCT = YES;
			};
			name = Release;
		};
		2FFB64492AC6D256007F2F80 /* Debug */ = {
			isa = XCBuildConfiguration;
			buildSettings = {
				ASSETCATALOG_COMPILER_APPICON_NAME = AppIcon;
				ASSETCATALOG_COMPILER_GLOBAL_ACCENT_COLOR_NAME = AccentColor;
				CODE_SIGN_STYLE = Automatic;
				CURRENT_PROJECT_VERSION = 1;
				DEVELOPMENT_ASSET_PATHS = "\"UserList/Preview Content\"";
				ENABLE_PREVIEWS = YES;
				GENERATE_INFOPLIST_FILE = YES;
				INFOPLIST_KEY_UIApplicationSceneManifest_Generation = YES;
				INFOPLIST_KEY_UIApplicationSupportsIndirectInputEvents = YES;
				INFOPLIST_KEY_UILaunchScreen_Generation = YES;
				INFOPLIST_KEY_UISupportedInterfaceOrientations_iPad = "UIInterfaceOrientationPortrait UIInterfaceOrientationPortraitUpsideDown UIInterfaceOrientationLandscapeLeft UIInterfaceOrientationLandscapeRight";
				INFOPLIST_KEY_UISupportedInterfaceOrientations_iPhone = "UIInterfaceOrientationPortrait UIInterfaceOrientationLandscapeLeft UIInterfaceOrientationLandscapeRight";
				LD_RUNPATH_SEARCH_PATHS = (
					"$(inherited)",
					"@executable_path/Frameworks",
				);
				MARKETING_VERSION = 1.0;
				PRODUCT_BUNDLE_IDENTIFIER = com.oc.UserList;
				PRODUCT_NAME = "$(TARGET_NAME)";
				SWIFT_EMIT_LOC_STRINGS = YES;
				SWIFT_VERSION = 5.0;
				TARGETED_DEVICE_FAMILY = "1,2";
			};
			name = Debug;
		};
		2FFB644A2AC6D256007F2F80 /* Release */ = {
			isa = XCBuildConfiguration;
			buildSettings = {
				ASSETCATALOG_COMPILER_APPICON_NAME = AppIcon;
				ASSETCATALOG_COMPILER_GLOBAL_ACCENT_COLOR_NAME = AccentColor;
				CODE_SIGN_STYLE = Automatic;
				CURRENT_PROJECT_VERSION = 1;
				DEVELOPMENT_ASSET_PATHS = "\"UserList/Preview Content\"";
				ENABLE_PREVIEWS = YES;
				GENERATE_INFOPLIST_FILE = YES;
				INFOPLIST_KEY_UIApplicationSceneManifest_Generation = YES;
				INFOPLIST_KEY_UIApplicationSupportsIndirectInputEvents = YES;
				INFOPLIST_KEY_UILaunchScreen_Generation = YES;
				INFOPLIST_KEY_UISupportedInterfaceOrientations_iPad = "UIInterfaceOrientationPortrait UIInterfaceOrientationPortraitUpsideDown UIInterfaceOrientationLandscapeLeft UIInterfaceOrientationLandscapeRight";
				INFOPLIST_KEY_UISupportedInterfaceOrientations_iPhone = "UIInterfaceOrientationPortrait UIInterfaceOrientationLandscapeLeft UIInterfaceOrientationLandscapeRight";
				LD_RUNPATH_SEARCH_PATHS = (
					"$(inherited)",
					"@executable_path/Frameworks",
				);
				MARKETING_VERSION = 1.0;
				PRODUCT_BUNDLE_IDENTIFIER = com.oc.UserList;
				PRODUCT_NAME = "$(TARGET_NAME)";
				SWIFT_EMIT_LOC_STRINGS = YES;
				SWIFT_VERSION = 5.0;
				TARGETED_DEVICE_FAMILY = "1,2";
			};
			name = Release;
		};
		2FFB644C2AC6D256007F2F80 /* Debug */ = {
			isa = XCBuildConfiguration;
			buildSettings = {
				ALWAYS_EMBED_SWIFT_STANDARD_LIBRARIES = YES;
				BUNDLE_LOADER = "$(TEST_HOST)";
				CODE_SIGN_STYLE = Automatic;
				CURRENT_PROJECT_VERSION = 1;
				GENERATE_INFOPLIST_FILE = YES;
				IPHONEOS_DEPLOYMENT_TARGET = 16.2;
				MARKETING_VERSION = 1.0;
				PRODUCT_BUNDLE_IDENTIFIER = com.oc.UserListTests;
				PRODUCT_NAME = "$(TARGET_NAME)";
				SWIFT_EMIT_LOC_STRINGS = NO;
				SWIFT_VERSION = 5.0;
				TARGETED_DEVICE_FAMILY = "1,2";
				TEST_HOST = "$(BUILT_PRODUCTS_DIR)/UserList.app/$(BUNDLE_EXECUTABLE_FOLDER_PATH)/UserList";
			};
			name = Debug;
		};
		2FFB644D2AC6D256007F2F80 /* Release */ = {
			isa = XCBuildConfiguration;
			buildSettings = {
				ALWAYS_EMBED_SWIFT_STANDARD_LIBRARIES = YES;
				BUNDLE_LOADER = "$(TEST_HOST)";
				CODE_SIGN_STYLE = Automatic;
				CURRENT_PROJECT_VERSION = 1;
				GENERATE_INFOPLIST_FILE = YES;
				IPHONEOS_DEPLOYMENT_TARGET = 16.2;
				MARKETING_VERSION = 1.0;
				PRODUCT_BUNDLE_IDENTIFIER = com.oc.UserListTests;
				PRODUCT_NAME = "$(TARGET_NAME)";
				SWIFT_EMIT_LOC_STRINGS = NO;
				SWIFT_VERSION = 5.0;
				TARGETED_DEVICE_FAMILY = "1,2";
				TEST_HOST = "$(BUILT_PRODUCTS_DIR)/UserList.app/$(BUNDLE_EXECUTABLE_FOLDER_PATH)/UserList";
			};
			name = Release;
		};
		2FFB644F2AC6D256007F2F80 /* Debug */ = {
			isa = XCBuildConfiguration;
			buildSettings = {
				ALWAYS_EMBED_SWIFT_STANDARD_LIBRARIES = YES;
				CODE_SIGN_STYLE = Automatic;
				CURRENT_PROJECT_VERSION = 1;
				GENERATE_INFOPLIST_FILE = YES;
				MARKETING_VERSION = 1.0;
				PRODUCT_BUNDLE_IDENTIFIER = com.oc.UserListUITests;
				PRODUCT_NAME = "$(TARGET_NAME)";
				SWIFT_EMIT_LOC_STRINGS = NO;
				SWIFT_VERSION = 5.0;
				TARGETED_DEVICE_FAMILY = "1,2";
				TEST_TARGET_NAME = UserList;
			};
			name = Debug;
		};
		2FFB64502AC6D256007F2F80 /* Release */ = {
			isa = XCBuildConfiguration;
			buildSettings = {
				ALWAYS_EMBED_SWIFT_STANDARD_LIBRARIES = YES;
				CODE_SIGN_STYLE = Automatic;
				CURRENT_PROJECT_VERSION = 1;
				GENERATE_INFOPLIST_FILE = YES;
				MARKETING_VERSION = 1.0;
				PRODUCT_BUNDLE_IDENTIFIER = com.oc.UserListUITests;
				PRODUCT_NAME = "$(TARGET_NAME)";
				SWIFT_EMIT_LOC_STRINGS = NO;
				SWIFT_VERSION = 5.0;
				TARGETED_DEVICE_FAMILY = "1,2";
				TEST_TARGET_NAME = UserList;
			};
			name = Release;
		};
/* End XCBuildConfiguration section */

/* Begin XCConfigurationList section */
		2FFB641F2AC6D255007F2F80 /* Build configuration list for PBXProject "UserList" */ = {
			isa = XCConfigurationList;
			buildConfigurations = (
				2FFB64462AC6D256007F2F80 /* Debug */,
				2FFB64472AC6D256007F2F80 /* Release */,
			);
			defaultConfigurationIsVisible = 0;
			defaultConfigurationName = Release;
		};
		2FFB64482AC6D256007F2F80 /* Build configuration list for PBXNativeTarget "UserList" */ = {
			isa = XCConfigurationList;
			buildConfigurations = (
				2FFB64492AC6D256007F2F80 /* Debug */,
				2FFB644A2AC6D256007F2F80 /* Release */,
			);
			defaultConfigurationIsVisible = 0;
			defaultConfigurationName = Release;
		};
		2FFB644B2AC6D256007F2F80 /* Build configuration list for PBXNativeTarget "UserListTests" */ = {
			isa = XCConfigurationList;
			buildConfigurations = (
				2FFB644C2AC6D256007F2F80 /* Debug */,
				2FFB644D2AC6D256007F2F80 /* Release */,
			);
			defaultConfigurationIsVisible = 0;
			defaultConfigurationName = Release;
		};
		2FFB644E2AC6D256007F2F80 /* Build configuration list for PBXNativeTarget "UserListUITests" */ = {
			isa = XCConfigurationList;
			buildConfigurations = (
				2FFB644F2AC6D256007F2F80 /* Debug */,
				2FFB64502AC6D256007F2F80 /* Release */,
			);
			defaultConfigurationIsVisible = 0;
			defaultConfigurationName = Release;
		};
/* End XCConfigurationList section */
	};
	rootObject = 2FFB641C2AC6D255007F2F80 /* Project object */;
}
